
Microsoft Visual Studio Solution File, Format Version 12.00
# Visual Studio Version 16
VisualStudioVersion = 16.0.30114.105
MinimumVisualStudioVersion = 10.0.40219.1
Project("{FAE04EC0-301F-11D3-BF4B-00C04F79EFBC}") = "BooksApi", "BooksApi\BooksApi.csproj", "{558C97D3-9660-43A5-B0CE-944C2276631C}"
EndProject
Project("{FAE04EC0-301F-11D3-BF4B-00C04F79EFBC}") = "BooksApp", "BooksApp\BooksApp.csproj", "{E5E5423D-E508-49D3-A628-DCACB9CF28B7}"
EndProject
Global
	GlobalSection(SolutionConfigurationPlatforms) = preSolution
		Debug|Any CPU = Debug|Any CPU
		Debug|x64 = Debug|x64
		Debug|x86 = Debug|x86
		Release|Any CPU = Release|Any CPU
		Release|x64 = Release|x64
		Release|x86 = Release|x86
	EndGlobalSection
	GlobalSection(SolutionProperties) = preSolution
		HideSolutionNode = FALSE
	EndGlobalSection
	GlobalSection(ProjectConfigurationPlatforms) = postSolution
		{558C97D3-9660-43A5-B0CE-944C2276631C}.Debug|Any CPU.ActiveCfg = Debug|Any CPU
		{558C97D3-9660-43A5-B0CE-944C2276631C}.Debug|Any CPU.Build.0 = Debug|Any CPU
		{558C97D3-9660-43A5-B0CE-944C2276631C}.Debug|x64.ActiveCfg = Debug|Any CPU
		{558C97D3-9660-43A5-B0CE-944C2276631C}.Debug|x64.Build.0 = Debug|Any CPU
		{558C97D3-9660-43A5-B0CE-944C2276631C}.Debug|x86.ActiveCfg = Debug|Any CPU
		{558C97D3-9660-43A5-B0CE-944C2276631C}.Debug|x86.Build.0 = Debug|Any CPU
		{558C97D3-9660-43A5-B0CE-944C2276631C}.Release|Any CPU.ActiveCfg = Release|Any CPU
		{558C97D3-9660-43A5-B0CE-944C2276631C}.Release|Any CPU.Build.0 = Release|Any CPU
		{558C97D3-9660-43A5-B0CE-944C2276631C}.Release|x64.ActiveCfg = Release|Any CPU
		{558C97D3-9660-43A5-B0CE-944C2276631C}.Release|x64.Build.0 = Release|Any CPU
		{558C97D3-9660-43A5-B0CE-944C2276631C}.Release|x86.ActiveCfg = Release|Any CPU
		{558C97D3-9660-43A5-B0CE-944C2276631C}.Release|x86.Build.0 = Release|Any CPU
		{E5E5423D-E508-49D3-A628-DCACB9CF28B7}.Debug|Any CPU.ActiveCfg = Debug|Any CPU
		{E5E5423D-E508-49D3-A628-DCACB9CF28B7}.Debug|Any CPU.Build.0 = Debug|Any CPU
		{E5E5423D-E508-49D3-A628-DCACB9CF28B7}.Debug|x64.ActiveCfg = Debug|Any CPU
		{E5E5423D-E508-49D3-A628-DCACB9CF28B7}.Debug|x64.Build.0 = Debug|Any CPU
		{E5E5423D-E508-49D3-A628-DCACB9CF28B7}.Debug|x86.ActiveCfg = Debug|Any CPU
		{E5E5423D-E508-49D3-A628-DCACB9CF28B7}.Debug|x86.Build.0 = Debug|Any CPU
		{E5E5423D-E508-49D3-A628-DCACB9CF28B7}.Release|Any CPU.ActiveCfg = Release|Any CPU
		{E5E5423D-E508-49D3-A628-DCACB9CF28B7}.Release|Any CPU.Build.0 = Release|Any CPU
		{E5E5423D-E508-49D3-A628-DCACB9CF28B7}.Release|x64.ActiveCfg = Release|Any CPU
		{E5E5423D-E508-49D3-A628-DCACB9CF28B7}.Release|x64.Build.0 = Release|Any CPU
		{E5E5423D-E508-49D3-A628-DCACB9CF28B7}.Release|x86.ActiveCfg = Release|Any CPU
		{E5E5423D-E508-49D3-A628-DCACB9CF28B7}.Release|x86.Build.0 = Release|Any CPU
	EndGlobalSection
EndGlobal
